{
  "name": "betynz-sportybet-primary-api-football-enrichment",
  "version": "4.0.3",
  "lockfileVersion": 3,
  "requires": true,
  "packages": {
    "": {
      "name": "betynz-sportybet-primary-api-football-enrichment",
      "version": "4.0.3",
      "engines": {
        "node": ">=20"
      }
    }
  }
}
